
Microsoft Visual Studio Solution File, Format Version 12.00
# Visual Studio Version 17
VisualStudioVersion = 17.5.002.0
MinimumVisualStudioVersion = 10.0.40219.1
Project("{9A19103F-16F7-4668-BE54-9A1E7A4F7556}") = "PXDBaiThiLai", "PXDBaiThiLai.csproj", "{45093BB0-FBFD-4AF0-8123-B62122FF0BBB}"
EndProject
Global
	GlobalSection(SolutionConfigurationPlatforms) = preSolution
		Debug|Any CPU = Debug|Any CPU
		Release|Any CPU = Release|Any CPU
	EndGlobalSection
	GlobalSection(ProjectConfigurationPlatforms) = postSolution
		{45093BB0-FBFD-4AF0-8123-B62122FF0BBB}.Debug|Any CPU.ActiveCfg = Debug|Any CPU
		{45093BB0-FBFD-4AF0-8123-B62122FF0BBB}.Debug|Any CPU.Build.0 = Debug|Any CPU
		{45093BB0-FBFD-4AF0-8123-B62122FF0BBB}.Release|Any CPU.ActiveCfg = Release|Any CPU
		{45093BB0-FBFD-4AF0-8123-B62122FF0BBB}.Release|Any CPU.Build.0 = Release|Any CPU
	EndGlobalSection
	GlobalSection(SolutionProperties) = preSolution
		HideSolutionNode = FALSE
	EndGlobalSection
	GlobalSection(ExtensibilityGlobals) = postSolution
		SolutionGuid = {E253D93D-1FCD-4D47-9A78-ADB1E7426B15}
	EndGlobalSection
EndGlobal
